
Microsoft Visual Studio Solution File, Format Version 12.00
# Visual Studio Version 17
VisualStudioVersion = 17.3.32929.385
MinimumVisualStudioVersion = 10.0.40219.1
Project("{FAE04EC0-301F-11D3-BF4B-00C04F79EFBC}") = "Parking.Api", "Parking.Api\Parking.Api.csproj", "{E1669C58-8C08-4B58-B1E3-DA1B6157E4C4}"
EndProject
Global
	GlobalSection(SolutionConfigurationPlatforms) = preSolution
		Debug|Any CPU = Debug|Any CPU
		Release|Any CPU = Release|Any CPU
	EndGlobalSection
	GlobalSection(ProjectConfigurationPlatforms) = postSolution
		{E1669C58-8C08-4B58-B1E3-DA1B6157E4C4}.Debug|Any CPU.ActiveCfg = Debug|Any CPU
		{E1669C58-8C08-4B58-B1E3-DA1B6157E4C4}.Debug|Any CPU.Build.0 = Debug|Any CPU
		{E1669C58-8C08-4B58-B1E3-DA1B6157E4C4}.Release|Any CPU.ActiveCfg = Release|Any CPU
		{E1669C58-8C08-4B58-B1E3-DA1B6157E4C4}.Release|Any CPU.Build.0 = Release|Any CPU
	EndGlobalSection
	GlobalSection(SolutionProperties) = preSolution
		HideSolutionNode = FALSE
	EndGlobalSection
	GlobalSection(ExtensibilityGlobals) = postSolution
		SolutionGuid = {071A91BA-6554-48E2-B6F8-3966D6684791}
	EndGlobalSection
EndGlobal
